
Microsoft Visual Studio Solution File, Format Version 12.00
# Visual Studio Version 16
VisualStudioVersion = 16.0.29709.97
MinimumVisualStudioVersion = 10.0.40219.1
Project("{FAE04EC0-301F-11D3-BF4B-00C04F79EFBC}") = "LegoApi", "LegoApi.csproj", "{4C299B81-F3DD-4DEA-8026-5AE0730849B5}"
EndProject
Global
	GlobalSection(SolutionConfigurationPlatforms) = preSolution
		Debug|Any CPU = Debug|Any CPU
		Release|Any CPU = Release|Any CPU
	EndGlobalSection
	GlobalSection(ProjectConfigurationPlatforms) = postSolution
		{4C299B81-F3DD-4DEA-8026-5AE0730849B5}.Debug|Any CPU.ActiveCfg = Debug|Any CPU
		{4C299B81-F3DD-4DEA-8026-5AE0730849B5}.Debug|Any CPU.Build.0 = Debug|Any CPU
		{4C299B81-F3DD-4DEA-8026-5AE0730849B5}.Release|Any CPU.ActiveCfg = Release|Any CPU
		{4C299B81-F3DD-4DEA-8026-5AE0730849B5}.Release|Any CPU.Build.0 = Release|Any CPU
	EndGlobalSection
	GlobalSection(SolutionProperties) = preSolution
		HideSolutionNode = FALSE
	EndGlobalSection
	GlobalSection(ExtensibilityGlobals) = postSolution
		SolutionGuid = {450F2A25-AA1A-4A8B-82D0-ECE1750413CB}
	EndGlobalSection
EndGlobal
